// !$*UTF8*$!
{
	archiveVersion = 1;
	classes = {
	};
	objectVersion = 46;
	objects = {

/* Begin PBXBuildFile section */
		BE6F790F1B32B10A00136648 /* AppDelegate.swift in Sources */ = {isa = PBXBuildFile; fileRef = BE6F790E1B32B10A00136648 /* AppDelegate.swift */; };
		BE6F79111B32B10A00136648 /* ViewController.swift in Sources */ = {isa = PBXBuildFile; fileRef = BE6F79101B32B10A00136648 /* ViewController.swift */; };
		BE6F79141B32B10A00136648 /* Main.storyboard in Resources */ = {isa = PBXBuildFile; fileRef = BE6F79121B32B10A00136648 /* Main.storyboard */; };
		BE6F79161B32B10A00136648 /* Images.xcassets in Resources */ = {isa = PBXBuildFile; fileRef = BE6F79151B32B10A00136648 /* Images.xcassets */; };
		BE6F79191B32B10A00136648 /* LaunchScreen.xib in Resources */ = {isa = PBXBuildFile; fileRef = BE6F79171B32B10A00136648 /* LaunchScreen.xib */; };
		BE6F79251B32B10A00136648 /* SwiftGIFtestTests.swift in Sources */ = {isa = PBXBuildFile; fileRef = BE6F79241B32B10A00136648 /* SwiftGIFtestTests.swift */; };
/* End PBXBuildFile section */

/* Begin PBXContainerItemProxy section */
		BE6F791F1B32B10A00136648 /* PBXContainerItemProxy */ = {
			isa = PBXContainerItemProxy;
			containerPortal = BE6F79011B32B10A00136648 /* Project object */;
			proxyType = 1;
			remoteGlobalIDString = BE6F79081B32B10A00136648;
			remoteInfo = SwiftGIFtest;
		};
/* End PBXContainerItemProxy section */

/* Begin PBXFileReference section */
		BE6F79091B32B10A00136648 /* SwiftGIFtest.app */ = {isa = PBXFileReference; explicitFileType = wrapper.application; includeInIndex = 0; path = SwiftGIFtest.app; sourceTree = BUILT_PRODUCTS_DIR; };
		BE6F790D1B32B10A00136648 /* Info.plist */ = {isa = PBXFileReference; lastKnownFileType = text.plist.xml; path = Info.plist; sourceTree = "<group>"; };
		BE6F790E1B32B10A00136648 /* AppDelegate.swift */ = {isa = PBXFileReference; lastKnownFileType = sourcecode.swift; path = AppDelegate.swift; sourceTree = "<group>"; };
		BE6F79101B32B10A00136648 /* ViewController.swift */ = {isa = PBXFileReference; lastKnownFileType = sourcecode.swift; path = ViewController.swift; sourceTree = "<group>"; };
		BE6F79131B32B10A00136648 /* Base */ = {isa = PBXFileReference; lastKnownFileType = file.storyboard; name = Base; path = Base.lproj/Main.storyboard; sourceTree = "<group>"; };
		BE6F79151B32B10A00136648 /* Images.xcassets */ = {isa = PBXFileReference; lastKnownFileType = folder.assetcatalog; path = Images.xcassets; sourceTree = "<group>"; };
		BE6F79181B32B10A00136648 /* Base */ = {isa = PBXFileReference; lastKnownFileType = file.xib; name = Base; path = Base.lproj/LaunchScreen.xib; sourceTree = "<group>"; };
		BE6F791E1B32B10A00136648 /* SwiftGIFtestTests.xctest */ = {isa = PBXFileReference; explicitFileType = wrapper.cfbundle; includeInIndex = 0; path = SwiftGIFtestTests.xctest; sourceTree = BUILT_PRODUCTS_DIR; };
		BE6F79231B32B10A00136648 /* Info.plist */ = {isa = PBXFileReference; lastKnownFileType = text.plist.xml; path = Info.plist; sourceTree = "<group>"; };
		BE6F79241B32B10A00136648 /* SwiftGIFtestTests.swift */ = {isa = PBXFileReference; lastKnownFileType = sourcecode.swift; path = SwiftGIFtestTests.swift; sourceTree = "<group>"; };
/* End PBXFileReference section */

/* Begin PBXFrameworksBuildPhase section */
		BE6F79061B32B10A00136648 /* Frameworks */ = {
			isa = PBXFrameworksBuildPhase;
			buildActionMask = 2147483647;
			files = (
			);
			runOnlyForDeploymentPostprocessing = 0;
		};
		BE6F791B1B32B10A00136648 /* Frameworks */ = {
			isa = PBXFrameworksBuildPhase;
			buildActionMask = 2147483647;
			files = (
			);
			runOnlyForDeploymentPostprocessing = 0;
		};
/* End PBXFrameworksBuildPhase section */

/* Begin PBXGroup section */
		BE6F79001B32B10A00136648 = {
			isa = PBXGroup;
			children = (
				BE6F790B1B32B10A00136648 /* SwiftGIFtest */,
				BE6F79211B32B10A00136648 /* SwiftGIFtestTests */,
				BE6F790A1B32B10A00136648 /* Products */,
			);
			sourceTree = "<group>";
		};
		BE6F790A1B32B10A00136648 /* Products */ = {
			isa = PBXGroup;
			children = (
				BE6F79091B32B10A00136648 /* SwiftGIFtest.app */,
				BE6F791E1B32B10A00136648 /* SwiftGIFtestTests.xctest */,
			);
			name = Products;
			sourceTree = "<group>";
		};
		BE6F790B1B32B10A00136648 /* SwiftGIFtest */ = {
			isa = PBXGroup;
			children = (
				BE6F790E1B32B10A00136648 /* AppDelegate.swift */,
				BE6F79101B32B10A00136648 /* ViewController.swift */,
				BE6F79121B32B10A00136648 /* Main.storyboard */,
				BE6F79151B32B10A00136648 /* Images.xcassets */,
				BE6F79171B32B10A00136648 /* LaunchScreen.xib */,
				BE6F790C1B32B10A00136648 /* Supporting Files */,
			);
			path = SwiftGIFtest;
			sourceTree = "<group>";
		};
		BE6F790C1B32B10A00136648 /* Supporting Files */ = {
			isa = PBXGroup;
			children = (
				BE6F790D1B32B10A00136648 /* Info.plist */,
			);
			name = "Supporting Files";
			sourceTree = "<group>";
		};
		BE6F79211B32B10A00136648 /* SwiftGIFtestTests */ = {
			isa = PBXGroup;
			children = (
				BE6F79241B32B10A00136648 /* SwiftGIFtestTests.swift */,
				BE6F79221B32B10A00136648 /* Supporting Files */,
			);
			path = SwiftGIFtestTests;
			sourceTree = "<group>";
		};
		BE6F79221B32B10A00136648 /* Supporting Files */ = {
			isa = PBXGroup;
			children = (
				BE6F79231B32B10A00136648 /* Info.plist */,
			);
			name = "Supporting Files";
			sourceTree = "<group>";
		};
/* End PBXGroup section */

/* Begin PBXNativeTarget section */
		BE6F79081B32B10A00136648 /* SwiftGIFtest */ = {
			isa = PBXNativeTarget;
			buildConfigurationList = BE6F79281B32B10A00136648 /* Build configuration list for PBXNativeTarget "SwiftGIFtest" */;
			buildPhases = (
				BE6F79051B32B10A00136648 /* Sources */,
				BE6F79061B32B10A00136648 /* Frameworks */,
				BE6F79071B32B10A00136648 /* Resources */,
			);
			buildRules = (
			);
			dependencies = (
			);
			name = SwiftGIFtest;
			productName = SwiftGIFtest;
			productReference = BE6F79091B32B10A00136648 /* SwiftGIFtest.app */;
			productType = "com.apple.product-type.application";
		};
		BE6F791D1B32B10A00136648 /* SwiftGIFtestTests */ = {
			isa = PBXNativeTarget;
			buildConfigurationList = BE6F792B1B32B10A00136648 /* Build configuration list for PBXNativeTarget "SwiftGIFtestTests" */;
			buildPhases = (
				BE6F791A1B32B10A00136648 /* Sources */,
				BE6F791B1B32B10A00136648 /* Frameworks */,
				BE6F791C1B32B10A00136648 /* Resources */,
			);
			buildRules = (
			);
			dependencies = (
				BE6F79201B32B10A00136648 /* PBXTargetDependency */,
			);
			name = SwiftGIFtestTests;
			productName = SwiftGIFtestTests;
			productReference = BE6F791E1B32B10A00136648 /* SwiftGIFtestTests.xctest */;
			productType = "com.apple.product-type.bundle.unit-test";
		};
/* End PBXNativeTarget section */

/* Begin PBXProject section */
		BE6F79011B32B10A00136648 /* Project object */ = {
			isa = PBXProject;
			attributes = {
				LastUpgradeCheck = 0630;
				ORGANIZATIONNAME = shinokiryosei;
				TargetAttributes = {
					BE6F79081B32B10A00136648 = {
						CreatedOnToolsVersion = 6.3.2;
					};
					BE6F791D1B32B10A00136648 = {
						CreatedOnToolsVersion = 6.3.2;
						TestTargetID = BE6F79081B32B10A00136648;
					};
				};
			};
			buildConfigurationList = BE6F79041B32B10A00136648 /* Build configuration list for PBXProject "SwiftGIFtest" */;
			compatibilityVersion = "Xcode 3.2";
			developmentRegion = English;
			hasScannedForEncodings = 0;
			knownRegions = (
				en,
				Base,
			);
			mainGroup = BE6F79001B32B10A00136648;
			productRefGroup = BE6F790A1B32B10A00136648 /* Products */;
			projectDirPath = "";
			projectRoot = "";
			targets = (
				BE6F79081B32B10A00136648 /* SwiftGIFtest */,
				BE6F791D1B32B10A00136648 /* SwiftGIFtestTests */,
			);
		};
/* End PBXProject section */

/* Begin PBXResourcesBuildPhase section */
		BE6F79071B32B10A00136648 /* Resources */ = {
			isa = PBXResourcesBuildPhase;
			buildActionMask = 2147483647;
			files = (
				BE6F79141B32B10A00136648 /* Main.storyboard in Resources */,
				BE6F79191B32B10A00136648 /* LaunchScreen.xib in Resources */,
				BE6F79161B32B10A00136648 /* Images.xcassets in Resources */,
			);
			runOnlyForDeploymentPostprocessing = 0;
		};
		BE6F791C1B32B10A00136648 /* Resources */ = {
			isa = PBXResourcesBuildPhase;
			buildActionMask = 2147483647;
			files = (
			);
			runOnlyForDeploymentPostprocessing = 0;
		};
/* End PBXResourcesBuildPhase section */

/* Begin PBXSourcesBuildPhase section */
		BE6F79051B32B10A00136648 /* Sources */ = {
			isa = PBXSourcesBuildPhase;
			buildActionMask = 2147483647;
			files = (
				BE6F79111B32B10A00136648 /* ViewController.swift in Sources */,
				BE6F790F1B32B10A00136648 /* AppDelegate.swift in Sources */,
			);
			runOnlyForDeploymentPostprocessing = 0;
		};
		BE6F791A1B32B10A00136648 /* Sources */ = {
			isa = PBXSourcesBuildPhase;
			buildActionMask = 2147483647;
			files = (
				BE6F79251B32B10A00136648 /* SwiftGIFtestTests.swift in Sources */,
			);
			runOnlyForDeploymentPostprocessing = 0;
		};
/* End PBXSourcesBuildPhase section */

/* Begin PBXTargetDependency section */
		BE6F79201B32B10A00136648 /* PBXTargetDependency */ = {
			isa = PBXTargetDependency;
			target = BE6F79081B32B10A00136648 /* SwiftGIFtest */;
			targetProxy = BE6F791F1B32B10A00136648 /* PBXContainerItemProxy */;
		};
/* End PBXTargetDependency section */

/* Begin PBXVariantGroup section */
		BE6F79121B32B10A00136648 /* Main.storyboard */ = {
			isa = PBXVariantGroup;
			children = (
				BE6F79131B32B10A00136648 /* Base */,
			);
			name = Main.storyboard;
			sourceTree = "<group>";
		};
		BE6F79171B32B10A00136648 /* LaunchScreen.xib */ = {
			isa = PBXVariantGroup;
			children = (
				BE6F79181B32B10A00136648 /* Base */,
			);
			name = LaunchScreen.xib;
			sourceTree = "<group>";
		};
/* End PBXVariantGroup section */

/* Begin XCBuildConfiguration section */
		BE6F79261B32B10A00136648 /* Debug */ = {
			isa = XCBuildConfiguration;
			buildSettings = {
				ALWAYS_SEARCH_USER_PATHS = NO;
				CLANG_CXX_LANGUAGE_STANDARD = "gnu++0x";
				CLANG_CXX_LIBRARY = "libc++";
				CLANG_ENABLE_MODULES = YES;
				CLANG_ENABLE_OBJC_ARC = YES;
				CLANG_WARN_BOOL_CONVERSION = YES;
				CLANG_WARN_CONSTANT_CONVERSION = YES;
				CLANG_WARN_DIRECT_OBJC_ISA_USAGE = YES_ERROR;
				CLANG_WARN_EMPTY_BODY = YES;
				CLANG_WARN_ENUM_CONVERSION = YES;
				CLANG_WARN_INT_CONVERSION = YES;
				CLANG_WARN_OBJC_ROOT_CLASS = YES_ERROR;
				CLANG_WARN_UNREACHABLE_CODE = YES;
				CLANG_WARN__DUPLICATE_METHOD_MATCH = YES;
				"CODE_SIGN_IDENTITY[sdk=iphoneos*]" = "iPhone Developer";
				COPY_PHASE_STRIP = NO;
				DEBUG_INFORMATION_FORMAT = "dwarf-with-dsym";
				ENABLE_STRICT_OBJC_MSGSEND = YES;
				GCC_C_LANGUAGE_STANDARD = gnu99;
				GCC_DYNAMIC_NO_PIC = NO;
				GCC_NO_COMMON_BLOCKS = YES;
				GCC_OPTIMIZATION_LEVEL = 0;
				GCC_PREPROCESSOR_DEFINITIONS = (
					"DEBUG=1",
					"$(inherited)",
				);
				GCC_SYMBOLS_PRIVATE_EXTERN = NO;
				GCC_WARN_64_TO_32_BIT_CONVERSION = YES;
				GCC_WARN_ABOUT_RETURN_TYPE = YES_ERROR;
				GCC_WARN_UNDECLARED_SELECTOR = YES;
				GCC_WARN_UNINITIALIZED_AUTOS = YES_AGGRESSIVE;
				GCC_WARN_UNUSED_FUNCTION = YES;
				GCC_WARN_UNUSED_VARIABLE = YES;
				IPHONEOS_DEPLOYMENT_TARGET = 8.3;
				MTL_ENABLE_DEBUG_INFO = YES;
				ONLY_ACTIVE_ARCH = YES;
				SDKROOT = iphoneos;
				SWIFT_OPTIMIZATION_LEVEL = "-Onone";
			};
			name = Debug;
		};
		BE6F79271B32B10A00136648 /* Release */ = {
			isa = XCBuildConfiguration;
			buildSettings = {
				ALWAYS_SEARCH_USER_PATHS = NO;
				CLANG_CXX_LANGUAGE_STANDARD = "gnu++0x";
				CLANG_CXX_LIBRARY = "libc++";
				CLANG_ENABLE_MODULES = YES;
				CLANG_ENABLE_OBJC_ARC = YES;
				CLANG_WARN_BOOL_CONVERSION = YES;
				CLANG_WARN_CONSTANT_CONVERSION = YES;
				CLANG_WARN_DIRECT_OBJC_ISA_USAGE = YES_ERROR;
				CLANG_WARN_EMPTY_BODY = YES;
				CLANG_WARN_ENUM_CONVERSION = YES;
				CLANG_WARN_INT_CONVERSION = YES;
				CLANG_WARN_OBJC_ROOT_CLASS = YES_ERROR;
				CLANG_WARN_UNREACHABLE_CODE = YES;
				CLANG_WARN__DUPLICATE_METHOD_MATCH = YES;
				"CODE_SIGN_IDENTITY[sdk=iphoneos*]" = "iPhone Developer";
				COPY_PHASE_STRIP = NO;
				DEBUG_INFORMATION_FORMAT = "dwarf-with-dsym";
				ENABLE_NS_ASSERTIONS = NO;
				ENABLE_STRICT_OBJC_MSGSEND = YES;
				GCC_C_LANGUAGE_STANDARD = gnu99;
				GCC_NO_COMMON_BLOCKS = YES;
				GCC_WARN_64_TO_32_BIT_CONVERSION = YES;
				GCC_WARN_ABOUT_RETURN_TYPE = YES_ERROR;
				GCC_WARN_UNDECLARED_SELECTOR = YES;
				GCC_WARN_UNINITIALIZED_AUTOS = YES_AGGRESSIVE;
				GCC_WARN_UNUSED_FUNCTION = YES;
				GCC_WARN_UNUSED_VARIABLE = YES;
				IPHONEOS_DEPLOYMENT_TARGET = 8.3;
				MTL_ENABLE_DEBUG_INFO = NO;
				SDKROOT = iphoneos;
				VALIDATE_PRODUCT = YES;
			};
			name = Release;
		};
		BE6F79291B32B10A00136648 /* Debug */ = {
			isa = XCBuildConfiguration;
			buildSettings = {
				ASSETCATALOG_COMPILER_APPICON_NAME = AppIcon;
				INFOPLIST_FILE = SwiftGIFtest/Info.plist;
				LD_RUNPATH_SEARCH_PATHS = "$(inherited) @executable_path/Frameworks";
				PRODUCT_NAME = "$(TARGET_NAME)";
			};
			name = Debug;
		};
		BE6F792A1B32B10A00136648 /* Release */ = {
			isa = XCBuildConfiguration;
			buildSettings = {
				ASSETCATALOG_COMPILER_APPICON_NAME = AppIcon;
				INFOPLIST_FILE = SwiftGIFtest/Info.plist;
				LD_RUNPATH_SEARCH_PATHS = "$(inherited) @executable_path/Frameworks";
				PRODUCT_NAME = "$(TARGET_NAME)";
			};
			name = Release;
		};
		BE6F792C1B32B10A00136648 /* Debug */ = {
			isa = XCBuildConfiguration;
			buildSettings = {
				BUNDLE_LOADER = "$(TEST_HOST)";
				FRAMEWORK_SEARCH_PATHS = (
					"$(SDKROOT)/Developer/Library/Frameworks",
					"$(inherited)",
				);
				GCC_PREPROCESSOR_DEFINITIONS = (
					"DEBUG=1",
					"$(inherited)",
				);
				INFOPLIST_FILE = SwiftGIFtestTests/Info.plist;
				LD_RUNPATH_SEARCH_PATHS = "$(inherited) @executable_path/Frameworks @loader_path/Frameworks";
				PRODUCT_NAME = "$(TARGET_NAME)";
				TEST_HOST = "$(BUILT_PRODUCTS_DIR)/SwiftGIFtest.app/SwiftGIFtest";
			};
			name = Debug;
		};
		BE6F792D1B32B10A00136648 /* Release */ = {
			isa = XCBuildConfiguration;
			buildSettings = {
				BUNDLE_LOADER = "$(TEST_HOST)";
				FRAMEWORK_SEARCH_PATHS = (
					"$(SDKROOT)/Developer/Library/Frameworks",
					"$(inherited)",
				);
				INFOPLIST_FILE = SwiftGIFtestTests/Info.plist;
				LD_RUNPATH_SEARCH_PATHS = "$(inherited) @executable_path/Frameworks @loader_path/Frameworks";
				PRODUCT_NAME = "$(TARGET_NAME)";
				TEST_HOST = "$(BUILT_PRODUCTS_DIR)/SwiftGIFtest.app/SwiftGIFtest";
			};
			name = Release;
		};
/* End XCBuildConfiguration section */

/* Begin XCConfigurationList section */
		BE6F79041B32B10A00136648 /* Build configuration list for PBXProject "SwiftGIFtest" */ = {
			isa = XCConfigurationList;
			buildConfigurations = (
				BE6F79261B32B10A00136648 /* Debug */,
				BE6F79271B32B10A00136648 /* Release */,
			);
			defaultConfigurationIsVisible = 0;
			defaultConfigurationName = Release;
		};
		BE6F79281B32B10A00136648 /* Build configuration list for PBXNativeTarget "SwiftGIFtest" */ = {
			isa = XCConfigurationList;
			buildConfigurations = (
				BE6F79291B32B10A00136648 /* Debug */,
				BE6F792A1B32B10A00136648 /* Release */,
			);
			defaultConfigurationIsVisible = 0;
		};
		BE6F792B1B32B10A00136648 /* Build configuration list for PBXNativeTarget "SwiftGIFtestTests" */ = {
			isa = XCConfigurationList;
			buildConfigurations = (
				BE6F792C1B32B10A00136648 /* Debug */,
				BE6F792D1B32B10A00136648 /* Release */,
			);
			defaultConfigurationIsVisible = 0;
		};
/* End XCConfigurationList section */
	};
	rootObject = BE6F79011B32B10A00136648 /* Project object */;
}
